// !$*UTF8*$!
{
	archiveVersion = 1;
	classes = {
	};
	objectVersion = 55;
	objects = {

/* Begin PBXBuildFile section */
		5F6C00F527A8A5BB0090C923 /* MoviesViewController.swift in Sources */ = {isa = PBXBuildFile; fileRef = 5F6C00F427A8A5BB0090C923 /* MoviesViewController.swift */; };
		5F6C00F727AB394B0090C923 /* MovieCell.swift in Sources */ = {isa = PBXBuildFile; fileRef = 5F6C00F627AB394B0090C923 /* MovieCell.swift */; };
		5F6C00FA27AB40220090C923 /* AlamofireImage in Frameworks */ = {isa = PBXBuildFile; productRef = 5F6C00F927AB40220090C923 /* AlamofireImage */; };
		5FCA9D5627A8969300EA696C /* AppDelegate.swift in Sources */ = {isa = PBXBuildFile; fileRef = 5FCA9D5527A8969300EA696C /* AppDelegate.swift */; };
		5FCA9D5827A8969300EA696C /* SceneDelegate.swift in Sources */ = {isa = PBXBuildFile; fileRef = 5FCA9D5727A8969300EA696C /* SceneDelegate.swift */; };
		5FCA9D5D27A8969300EA696C /* Main.storyboard in Resources */ = {isa = PBXBuildFile; fileRef = 5FCA9D5B27A8969300EA696C /* Main.storyboard */; };
		5FCA9D5F27A8969600EA696C /* Assets.xcassets in Resources */ = {isa = PBXBuildFile; fileRef = 5FCA9D5E27A8969600EA696C /* Assets.xcassets */; };
		5FCA9D6227A8969600EA696C /* LaunchScreen.storyboard in Resources */ = {isa = PBXBuildFile; fileRef = 5FCA9D6027A8969600EA696C /* LaunchScreen.storyboard */; };
		5FCA9D6D27A8969700EA696C /* FlixTests.swift in Sources */ = {isa = PBXBuildFile; fileRef = 5FCA9D6C27A8969700EA696C /* FlixTests.swift */; };
		5FCA9D7727A8969700EA696C /* FlixUITests.swift in Sources */ = {isa = PBXBuildFile; fileRef = 5FCA9D7627A8969700EA696C /* FlixUITests.swift */; };
		5FCA9D7927A8969700EA696C /* FlixUITestsLaunchTests.swift in Sources */ = {isa = PBXBuildFile; fileRef = 5FCA9D7827A8969700EA696C /* FlixUITestsLaunchTests.swift */; };
		ACF2B9451304F8BED1F85D74 /* Pods_Flix.framework in Frameworks */ = {isa = PBXBuildFile; fileRef = 93927FC189F54FEE88E6A058 /* Pods_Flix.framework */; };
		C9A6EEF7D6E39D74BDA5FF21 /* Pods_Flix_FlixUITests.framework in Frameworks */ = {isa = PBXBuildFile; fileRef = A0DAC979D5EF71AFF4E91BA3 /* Pods_Flix_FlixUITests.framework */; };
		E1125717E765F0EE929D1E61 /* Pods_FlixTests.framework in Frameworks */ = {isa = PBXBuildFile; fileRef = 5390182D0CEAF9FD23A36344 /* Pods_FlixTests.framework */; };
/* End PBXBuildFile section */

/* Begin PBXContainerItemProxy section */
		5FCA9D6927A8969700EA696C /* PBXContainerItemProxy */ = {
			isa = PBXContainerItemProxy;
			containerPortal = 5FCA9D4A27A8969300EA696C /* Project object */;
			proxyType = 1;
			remoteGlobalIDString = 5FCA9D5127A8969300EA696C;
			remoteInfo = Flix;
		};
		5FCA9D7327A8969700EA696C /* PBXContainerItemProxy */ = {
			isa = PBXContainerItemProxy;
			containerPortal = 5FCA9D4A27A8969300EA696C /* Project object */;
			proxyType = 1;
			remoteGlobalIDString = 5FCA9D5127A8969300EA696C;
			remoteInfo = Flix;
		};
/* End PBXContainerItemProxy section */

/* Begin PBXFileReference section */
		44C8E88DB339D5468CD2400F /* Pods-Flix.release.xcconfig */ = {isa = PBXFileReference; includeInIndex = 1; lastKnownFileType = text.xcconfig; name = "Pods-Flix.release.xcconfig"; path = "Target Support Files/Pods-Flix/Pods-Flix.release.xcconfig"; sourceTree = "<group>"; };
		4681C9E0C67BDCCAD5A6983F /* Pods-Flix-FlixUITests.debug.xcconfig */ = {isa = PBXFileReference; includeInIndex = 1; lastKnownFileType = text.xcconfig; name = "Pods-Flix-FlixUITests.debug.xcconfig"; path = "Target Support Files/Pods-Flix-FlixUITests/Pods-Flix-FlixUITests.debug.xcconfig"; sourceTree = "<group>"; };
		5390182D0CEAF9FD23A36344 /* Pods_FlixTests.framework */ = {isa = PBXFileReference; explicitFileType = wrapper.framework; includeInIndex = 0; path = Pods_FlixTests.framework; sourceTree = BUILT_PRODUCTS_DIR; };
		5F6C00F427A8A5BB0090C923 /* MoviesViewController.swift */ = {isa = PBXFileReference; lastKnownFileType = sourcecode.swift; path = MoviesViewController.swift; sourceTree = "<group>"; };
		5F6C00F627AB394B0090C923 /* MovieCell.swift */ = {isa = PBXFileReference; lastKnownFileType = sourcecode.swift; path = MovieCell.swift; sourceTree = "<group>"; };
		5FCA9D5227A8969300EA696C /* Flix.app */ = {isa = PBXFileReference; explicitFileType = wrapper.application; includeInIndex = 0; path = Flix.app; sourceTree = BUILT_PRODUCTS_DIR; };
		5FCA9D5527A8969300EA696C /* AppDelegate.swift */ = {isa = PBXFileReference; lastKnownFileType = sourcecode.swift; path = AppDelegate.swift; sourceTree = "<group>"; };
		5FCA9D5727A8969300EA696C /* SceneDelegate.swift */ = {isa = PBXFileReference; lastKnownFileType = sourcecode.swift; path = SceneDelegate.swift; sourceTree = "<group>"; };
		5FCA9D5C27A8969300EA696C /* Base */ = {isa = PBXFileReference; lastKnownFileType = file.storyboard; name = Base; path = Base.lproj/Main.storyboard; sourceTree = "<group>"; };
		5FCA9D5E27A8969600EA696C /* Assets.xcassets */ = {isa = PBXFileReference; lastKnownFileType = folder.assetcatalog; path = Assets.xcassets; sourceTree = "<group>"; };
		5FCA9D6127A8969600EA696C /* Base */ = {isa = PBXFileReference; lastKnownFileType = file.storyboard; name = Base; path = Base.lproj/LaunchScreen.storyboard; sourceTree = "<group>"; };
		5FCA9D6327A8969600EA696C /* Info.plist */ = {isa = PBXFileReference; lastKnownFileType = text.plist.xml; path = Info.plist; sourceTree = "<group>"; };
		5FCA9D6827A8969700EA696C /* FlixTests.xctest */ = {isa = PBXFileReference; explicitFileType = wrapper.cfbundle; includeInIndex = 0; path = FlixTests.xctest; sourceTree = BUILT_PRODUCTS_DIR; };
		5FCA9D6C27A8969700EA696C /* FlixTests.swift */ = {isa = PBXFileReference; lastKnownFileType = sourcecode.swift; path = FlixTests.swift; sourceTree = "<group>"; };
		5FCA9D7227A8969700EA696C /* FlixUITests.xctest */ = {isa = PBXFileReference; explicitFileType = wrapper.cfbundle; includeInIndex = 0; path = FlixUITests.xctest; sourceTree = BUILT_PRODUCTS_DIR; };
		5FCA9D7627A8969700EA696C /* FlixUITests.swift */ = {isa = PBXFileReference; lastKnownFileType = sourcecode.swift; path = FlixUITests.swift; sourceTree = "<group>"; };
		5FCA9D7827A8969700EA696C /* FlixUITestsLaunchTests.swift */ = {isa = PBXFileReference; lastKnownFileType = sourcecode.swift; path = FlixUITestsLaunchTests.swift; sourceTree = "<group>"; };
		7B18426863B2F41DE6712F41 /* Pods-Flix-FlixUITests.release.xcconfig */ = {isa = PBXFileReference; includeInIndex = 1; lastKnownFileType = text.xcconfig; name = "Pods-Flix-FlixUITests.release.xcconfig"; path = "Target Support Files/Pods-Flix-FlixUITests/Pods-Flix-FlixUITests.release.xcconfig"; sourceTree = "<group>"; };
		7E6414E08AE7F00E0CFC1FC2 /* Pods-FlixTests.debug.xcconfig */ = {isa = PBXFileReference; includeInIndex = 1; lastKnownFileType = text.xcconfig; name = "Pods-FlixTests.debug.xcconfig"; path = "Target Support Files/Pods-FlixTests/Pods-FlixTests.debug.xcconfig"; sourceTree = "<group>"; };
		8DA1B33D0CF367BA80731C75 /* Pods-Flix.debug.xcconfig */ = {isa = PBXFileReference; includeInIndex = 1; lastKnownFileType = text.xcconfig; name = "Pods-Flix.debug.xcconfig"; path = "Target Support Files/Pods-Flix/Pods-Flix.debug.xcconfig"; sourceTree = "<group>"; };
		93927FC189F54FEE88E6A058 /* Pods_Flix.framework */ = {isa = PBXFileReference; explicitFileType = wrapper.framework; includeInIndex = 0; path = Pods_Flix.framework; sourceTree = BUILT_PRODUCTS_DIR; };
		A0DAC979D5EF71AFF4E91BA3 /* Pods_Flix_FlixUITests.framework */ = {isa = PBXFileReference; explicitFileType = wrapper.framework; includeInIndex = 0; path = Pods_Flix_FlixUITests.framework; sourceTree = BUILT_PRODUCTS_DIR; };
		A32B4F263D4A8C2D2229CADD /* Pods-FlixTests.release.xcconfig */ = {isa = PBXFileReference; includeInIndex = 1; lastKnownFileType = text.xcconfig; name = "Pods-FlixTests.release.xcconfig"; path = "Target Support Files/Pods-FlixTests/Pods-FlixTests.release.xcconfig"; sourceTree = "<group>"; };
/* End PBXFileReference section */

/* Begin PBXFrameworksBuildPhase section */
		5FCA9D4F27A8969300EA696C /* Frameworks */ = {
			isa = PBXFrameworksBuildPhase;
			buildActionMask = 2147483647;
			files = (
				5F6C00FA27AB40220090C923 /* AlamofireImage in Frameworks */,
				ACF2B9451304F8BED1F85D74 /* Pods_Flix.framework in Frameworks */,
			);
			runOnlyForDeploymentPostprocessing = 0;
		};
		5FCA9D6527A8969700EA696C /* Frameworks */ = {
			isa = PBXFrameworksBuildPhase;
			buildActionMask = 2147483647;
			files = (
				E1125717E765F0EE929D1E61 /* Pods_FlixTests.framework in Frameworks */,
			);
			runOnlyForDeploymentPostprocessing = 0;
		};
		5FCA9D6F27A8969700EA696C /* Frameworks */ = {
			isa = PBXFrameworksBuildPhase;
			buildActionMask = 2147483647;
			files = (
				C9A6EEF7D6E39D74BDA5FF21 /* Pods_Flix_FlixUITests.framework in Frameworks */,
			);
			runOnlyForDeploymentPostprocessing = 0;
		};
/* End PBXFrameworksBuildPhase section */

/* Begin PBXGroup section */
		3ED8B9C8B4CC3771A1333CD2 /* Pods */ = {
			isa = PBXGroup;
			children = (
				8DA1B33D0CF367BA80731C75 /* Pods-Flix.debug.xcconfig */,
				44C8E88DB339D5468CD2400F /* Pods-Flix.release.xcconfig */,
				4681C9E0C67BDCCAD5A6983F /* Pods-Flix-FlixUITests.debug.xcconfig */,
				7B18426863B2F41DE6712F41 /* Pods-Flix-FlixUITests.release.xcconfig */,
				7E6414E08AE7F00E0CFC1FC2 /* Pods-FlixTests.debug.xcconfig */,
				A32B4F263D4A8C2D2229CADD /* Pods-FlixTests.release.xcconfig */,
			);
			name = Pods;
			path = Pods;
			sourceTree = "<group>";
		};
		4108D5E5A5727F5193A4BC62 /* Frameworks */ = {
			isa = PBXGroup;
			children = (
				93927FC189F54FEE88E6A058 /* Pods_Flix.framework */,
				A0DAC979D5EF71AFF4E91BA3 /* Pods_Flix_FlixUITests.framework */,
				5390182D0CEAF9FD23A36344 /* Pods_FlixTests.framework */,
			);
			name = Frameworks;
			sourceTree = "<group>";
		};
		5FCA9D4927A8969300EA696C = {
			isa = PBXGroup;
			children = (
				5FCA9D5427A8969300EA696C /* Flix */,
				5FCA9D6B27A8969700EA696C /* FlixTests */,
				5FCA9D7527A8969700EA696C /* FlixUITests */,
				5FCA9D5327A8969300EA696C /* Products */,
				3ED8B9C8B4CC3771A1333CD2 /* Pods */,
				4108D5E5A5727F5193A4BC62 /* Frameworks */,
			);
			sourceTree = "<group>";
		};
		5FCA9D5327A8969300EA696C /* Products */ = {
			isa = PBXGroup;
			children = (
				5FCA9D5227A8969300EA696C /* Flix.app */,
				5FCA9D6827A8969700EA696C /* FlixTests.xctest */,
				5FCA9D7227A8969700EA696C /* FlixUITests.xctest */,
			);
			name = Products;
			sourceTree = "<group>";
		};
		5FCA9D5427A8969300EA696C /* Flix */ = {
			isa = PBXGroup;
			children = (
				5FCA9D5527A8969300EA696C /* AppDelegate.swift */,
				5FCA9D5727A8969300EA696C /* SceneDelegate.swift */,
				5F6C00F427A8A5BB0090C923 /* MoviesViewController.swift */,
				5FCA9D5B27A8969300EA696C /* Main.storyboard */,
				5F6C00F627AB394B0090C923 /* MovieCell.swift */,
				5FCA9D5E27A8969600EA696C /* Assets.xcassets */,
				5FCA9D6027A8969600EA696C /* LaunchScreen.storyboard */,
				5FCA9D6327A8969600EA696C /* Info.plist */,
			);
			path = Flix;
			sourceTree = "<group>";
		};
		5FCA9D6B27A8969700EA696C /* FlixTests */ = {
			isa = PBXGroup;
			children = (
				5FCA9D6C27A8969700EA696C /* FlixTests.swift */,
			);
			path = FlixTests;
			sourceTree = "<group>";
		};
		5FCA9D7527A8969700EA696C /* FlixUITests */ = {
			isa = PBXGroup;
			children = (
				5FCA9D7627A8969700EA696C /* FlixUITests.swift */,
				5FCA9D7827A8969700EA696C /* FlixUITestsLaunchTests.swift */,
			);
			path = FlixUITests;
			sourceTree = "<group>";
		};
/* End PBXGroup section */

/* Begin PBXNativeTarget section */
		5FCA9D5127A8969300EA696C /* Flix */ = {
			isa = PBXNativeTarget;
			buildConfigurationList = 5FCA9D7C27A8969700EA696C /* Build configuration list for PBXNativeTarget "Flix" */;
			buildPhases = (
				4CB2E33B825D0D945F608234 /* [CP] Check Pods Manifest.lock */,
				5FCA9D4E27A8969300EA696C /* Sources */,
				5FCA9D4F27A8969300EA696C /* Frameworks */,
				5FCA9D5027A8969300EA696C /* Resources */,
				67823A38651378D82D2C0AAD /* [CP] Embed Pods Frameworks */,
			);
			buildRules = (
			);
			dependencies = (
			);
			name = Flix;
			packageProductDependencies = (
				5F6C00F927AB40220090C923 /* AlamofireImage */,
			);
			productName = Flix;
			productReference = 5FCA9D5227A8969300EA696C /* Flix.app */;
			productType = "com.apple.product-type.application";
		};
		5FCA9D6727A8969700EA696C /* FlixTests */ = {
			isa = PBXNativeTarget;
			buildConfigurationList = 5FCA9D7F27A8969700EA696C /* Build configuration list for PBXNativeTarget "FlixTests" */;
			buildPhases = (
				2F5557740F28BC0ADB971447 /* [CP] Check Pods Manifest.lock */,
				5FCA9D6427A8969700EA696C /* Sources */,
				5FCA9D6527A8969700EA696C /* Frameworks */,
				5FCA9D6627A8969700EA696C /* Resources */,
			);
			buildRules = (
			);
			dependencies = (
				5FCA9D6A27A8969700EA696C /* PBXTargetDependency */,
			);
			name = FlixTests;
			productName = FlixTests;
			productReference = 5FCA9D6827A8969700EA696C /* FlixTests.xctest */;
			productType = "com.apple.product-type.bundle.unit-test";
		};
		5FCA9D7127A8969700EA696C /* FlixUITests */ = {
			isa = PBXNativeTarget;
			buildConfigurationList = 5FCA9D8227A8969700EA696C /* Build configuration list for PBXNativeTarget "FlixUITests" */;
			buildPhases = (
				B71BDB6F0522D231BB6D8B62 /* [CP] Check Pods Manifest.lock */,
				5FCA9D6E27A8969700EA696C /* Sources */,
				5FCA9D6F27A8969700EA696C /* Frameworks */,
				5FCA9D7027A8969700EA696C /* Resources */,
				78961A610ED9F84C1A18D878 /* [CP] Embed Pods Frameworks */,
			);
			buildRules = (
			);
			dependencies = (
				5FCA9D7427A8969700EA696C /* PBXTargetDependency */,
			);
			name = FlixUITests;
			productName = FlixUITests;
			productReference = 5FCA9D7227A8969700EA696C /* FlixUITests.xctest */;
			productType = "com.apple.product-type.bundle.ui-testing";
		};
/* End PBXNativeTarget section */

/* Begin PBXProject section */
		5FCA9D4A27A8969300EA696C /* Project object */ = {
			isa = PBXProject;
			attributes = {
				BuildIndependentTargetsInParallel = 1;
				LastSwiftUpdateCheck = 1320;
				LastUpgradeCheck = 1320;
				TargetAttributes = {
					5FCA9D5127A8969300EA696C = {
						CreatedOnToolsVersion = 13.2.1;
					};
					5FCA9D6727A8969700EA696C = {
						CreatedOnToolsVersion = 13.2.1;
						TestTargetID = 5FCA9D5127A8969300EA696C;
					};
					5FCA9D7127A8969700EA696C = {
						CreatedOnToolsVersion = 13.2.1;
						TestTargetID = 5FCA9D5127A8969300EA696C;
					};
				};
			};
			buildConfigurationList = 5FCA9D4D27A8969300EA696C /* Build configuration list for PBXProject "Flix" */;
			compatibilityVersion = "Xcode 13.0";
			developmentRegion = en;
			hasScannedForEncodings = 0;
			knownRegions = (
				en,
				Base,
			);
			mainGroup = 5FCA9D4927A8969300EA696C;
			packageReferences = (
				5F6C00F827AB40220090C923 /* XCRemoteSwiftPackageReference "AlamofireImage" */,
			);
			productRefGroup = 5FCA9D5327A8969300EA696C /* Products */;
			projectDirPath = "";
			projectRoot = "";
			targets = (
				5FCA9D5127A8969300EA696C /* Flix */,
				5FCA9D6727A8969700EA696C /* FlixTests */,
				5FCA9D7127A8969700EA696C /* FlixUITests */,
			);
		};
/* End PBXProject section */

/* Begin PBXResourcesBuildPhase section */
		5FCA9D5027A8969300EA696C /* Resources */ = {
			isa = PBXResourcesBuildPhase;
			buildActionMask = 2147483647;
			files = (
				5FCA9D6227A8969600EA696C /* LaunchScreen.storyboard in Resources */,
				5FCA9D5F27A8969600EA696C /* Assets.xcassets in Resources */,
				5FCA9D5D27A8969300EA696C /* Main.storyboard in Resources */,
			);
			runOnlyForDeploymentPostprocessing = 0;
		};
		5FCA9D6627A8969700EA696C /* Resources */ = {
			isa = PBXResourcesBuildPhase;
			buildActionMask = 2147483647;
			files = (
			);
			runOnlyForDeploymentPostprocessing = 0;
		};
		5FCA9D7027A8969700EA696C /* Resources */ = {
			isa = PBXResourcesBuildPhase;
			buildActionMask = 2147483647;
			files = (
			);
			runOnlyForDeploymentPostprocessing = 0;
		};
/* End PBXResourcesBuildPhase section */

/* Begin PBXShellScriptBuildPhase section */
		2F5557740F28BC0ADB971447 /* [CP] Check Pods Manifest.lock */ = {
			isa = PBXShellScriptBuildPhase;
			buildActionMask = 2147483647;
			files = (
			);
			inputFileListPaths = (
			);
			inputPaths = (
				"${PODS_PODFILE_DIR_PATH}/Podfile.lock",
				"${PODS_ROOT}/Manifest.lock",
			);
			name = "[CP] Check Pods Manifest.lock";
			outputFileListPaths = (
			);
			outputPaths = (
				"$(DERIVED_FILE_DIR)/Pods-FlixTests-checkManifestLockResult.txt",
			);
			runOnlyForDeploymentPostprocessing = 0;
			shellPath = /bin/sh;
			shellScript = "diff \"${PODS_PODFILE_DIR_PATH}/Podfile.lock\" \"${PODS_ROOT}/Manifest.lock\" > /dev/null\nif [ $? != 0 ] ; then\n    # print error to STDERR\n    echo \"error: The sandbox is not in sync with the Podfile.lock. Run 'pod install' or update your CocoaPods installation.\" >&2\n    exit 1\nfi\n# This output is used by Xcode 'outputs' to avoid re-running this script phase.\necho \"SUCCESS\" > \"${SCRIPT_OUTPUT_FILE_0}\"\n";
			showEnvVarsInLog = 0;
		};
		4CB2E33B825D0D945F608234 /* [CP] Check Pods Manifest.lock */ = {
			isa = PBXShellScriptBuildPhase;
			buildActionMask = 2147483647;
			files = (
			);
			inputFileListPaths = (
			);
			inputPaths = (
				"${PODS_PODFILE_DIR_PATH}/Podfile.lock",
				"${PODS_ROOT}/Manifest.lock",
			);
			name = "[CP] Check Pods Manifest.lock";
			outputFileListPaths = (
			);
			outputPaths = (
				"$(DERIVED_FILE_DIR)/Pods-Flix-checkManifestLockResult.txt",
			);
			runOnlyForDeploymentPostprocessing = 0;
			shellPath = /bin/sh;
			shellScript = "diff \"${PODS_PODFILE_DIR_PATH}/Podfile.lock\" \"${PODS_ROOT}/Manifest.lock\" > /dev/null\nif [ $? != 0 ] ; then\n    # print error to STDERR\n    echo \"error: The sandbox is not in sync with the Podfile.lock. Run 'pod install' or update your CocoaPods installation.\" >&2\n    exit 1\nfi\n# This output is used by Xcode 'outputs' to avoid re-running this script phase.\necho \"SUCCESS\" > \"${SCRIPT_OUTPUT_FILE_0}\"\n";
			showEnvVarsInLog = 0;
		};
		67823A38651378D82D2C0AAD /* [CP] Embed Pods Frameworks */ = {
			isa = PBXShellScriptBuildPhase;
			buildActionMask = 2147483647;
			files = (
			);
			inputFileListPaths = (
				"${PODS_ROOT}/Target Support Files/Pods-Flix/Pods-Flix-frameworks-${CONFIGURATION}-input-files.xcfilelist",
			);
			name = "[CP] Embed Pods Frameworks";
			outputFileListPaths = (
				"${PODS_ROOT}/Target Support Files/Pods-Flix/Pods-Flix-frameworks-${CONFIGURATION}-output-files.xcfilelist",
			);
			runOnlyForDeploymentPostprocessing = 0;
			shellPath = /bin/sh;
			shellScript = "\"${PODS_ROOT}/Target Support Files/Pods-Flix/Pods-Flix-frameworks.sh\"\n";
			showEnvVarsInLog = 0;
		};
		78961A610ED9F84C1A18D878 /* [CP] Embed Pods Frameworks */ = {
			isa = PBXShellScriptBuildPhase;
			buildActionMask = 2147483647;
			files = (
			);
			inputFileListPaths = (
				"${PODS_ROOT}/Target Support Files/Pods-Flix-FlixUITests/Pods-Flix-FlixUITests-frameworks-${CONFIGURATION}-input-files.xcfilelist",
			);
			name = "[CP] Embed Pods Frameworks";
			outputFileListPaths = (
				"${PODS_ROOT}/Target Support Files/Pods-Flix-FlixUITests/Pods-Flix-FlixUITests-frameworks-${CONFIGURATION}-output-files.xcfilelist",
			);
			runOnlyForDeploymentPostprocessing = 0;
			shellPath = /bin/sh;
			shellScript = "\"${PODS_ROOT}/Target Support Files/Pods-Flix-FlixUITests/Pods-Flix-FlixUITests-frameworks.sh\"\n";
			showEnvVarsInLog = 0;
		};
		B71BDB6F0522D231BB6D8B62 /* [CP] Check Pods Manifest.lock */ = {
			isa = PBXShellScriptBuildPhase;
			buildActionMask = 2147483647;
			files = (
			);
			inputFileListPaths = (
			);
			inputPaths = (
				"${PODS_PODFILE_DIR_PATH}/Podfile.lock",
				"${PODS_ROOT}/Manifest.lock",
			);
			name = "[CP] Check Pods Manifest.lock";
			outputFileListPaths = (
			);
			outputPaths = (
				"$(DERIVED_FILE_DIR)/Pods-Flix-FlixUITests-checkManifestLockResult.txt",
			);
			runOnlyForDeploymentPostprocessing = 0;
			shellPath = /bin/sh;
			shellScript = "diff \"${PODS_PODFILE_DIR_PATH}/Podfile.lock\" \"${PODS_ROOT}/Manifest.lock\" > /dev/null\nif [ $? != 0 ] ; then\n    # print error to STDERR\n    echo \"error: The sandbox is not in sync with the Podfile.lock. Run 'pod install' or update your CocoaPods installation.\" >&2\n    exit 1\nfi\n# This output is used by Xcode 'outputs' to avoid re-running this script phase.\necho \"SUCCESS\" > \"${SCRIPT_OUTPUT_FILE_0}\"\n";
			showEnvVarsInLog = 0;
		};
/* End PBXShellScriptBuildPhase section */

/* Begin PBXSourcesBuildPhase section */
		5FCA9D4E27A8969300EA696C /* Sources */ = {
			isa = PBXSourcesBuildPhase;
			buildActionMask = 2147483647;
			files = (
				5FCA9D5627A8969300EA696C /* AppDelegate.swift in Sources */,
				5FCA9D5827A8969300EA696C /* SceneDelegate.swift in Sources */,
				5F6C00F727AB394B0090C923 /* MovieCell.swift in Sources */,
				5F6C00F527A8A5BB0090C923 /* MoviesViewController.swift in Sources */,
			);
			runOnlyForDeploymentPostprocessing = 0;
		};
		5FCA9D6427A8969700EA696C /* Sources */ = {
			isa = PBXSourcesBuildPhase;
			buildActionMask = 2147483647;
			files = (
				5FCA9D6D27A8969700EA696C /* FlixTests.swift in Sources */,
			);
			runOnlyForDeploymentPostprocessing = 0;
		};
		5FCA9D6E27A8969700EA696C /* Sources */ = {
			isa = PBXSourcesBuildPhase;
			buildActionMask = 2147483647;
			files = (
				5FCA9D7727A8969700EA696C /* FlixUITests.swift in Sources */,
				5FCA9D7927A8969700EA696C /* FlixUITestsLaunchTests.swift in Sources */,
			);
			runOnlyForDeploymentPostprocessing = 0;
		};
/* End PBXSourcesBuildPhase section */

/* Begin PBXTargetDependency section */
		5FCA9D6A27A8969700EA696C /* PBXTargetDependency */ = {
			isa = PBXTargetDependency;
			target = 5FCA9D5127A8969300EA696C /* Flix */;
			targetProxy = 5FCA9D6927A8969700EA696C /* PBXContainerItemProxy */;
		};
		5FCA9D7427A8969700EA696C /* PBXTargetDependency */ = {
			isa = PBXTargetDependency;
			target = 5FCA9D5127A8969300EA696C /* Flix */;
			targetProxy = 5FCA9D7327A8969700EA696C /* PBXContainerItemProxy */;
		};
/* End PBXTargetDependency section */

/* Begin PBXVariantGroup section */
		5FCA9D5B27A8969300EA696C /* Main.storyboard */ = {
			isa = PBXVariantGroup;
			children = (
				5FCA9D5C27A8969300EA696C /* Base */,
			);
			name = Main.storyboard;
			sourceTree = "<group>";
		};
		5FCA9D6027A8969600EA696C /* LaunchScreen.storyboard */ = {
			isa = PBXVariantGroup;
			children = (
				5FCA9D6127A8969600EA696C /* Base */,
			);
			name = LaunchScreen.storyboard;
			sourceTree = "<group>";
		};
/* End PBXVariantGroup section */

/* Begin XCBuildConfiguration section */
		5FCA9D7A27A8969700EA696C /* Debug */ = {
			isa = XCBuildConfiguration;
			buildSettings = {
				ALWAYS_SEARCH_USER_PATHS = NO;
				CLANG_ANALYZER_NONNULL = YES;
				CLANG_ANALYZER_NUMBER_OBJECT_CONVERSION = YES_AGGRESSIVE;
				CLANG_CXX_LANGUAGE_STANDARD = "gnu++17";
				CLANG_CXX_LIBRARY = "libc++";
				CLANG_ENABLE_MODULES = YES;
				CLANG_ENABLE_OBJC_ARC = YES;
				CLANG_ENABLE_OBJC_WEAK = YES;
				CLANG_WARN_BLOCK_CAPTURE_AUTORELEASING = YES;
				CLANG_WARN_BOOL_CONVERSION = YES;
				CLANG_WARN_COMMA = YES;
				CLANG_WARN_CONSTANT_CONVERSION = YES;
				CLANG_WARN_DEPRECATED_OBJC_IMPLEMENTATIONS = YES;
				CLANG_WARN_DIRECT_OBJC_ISA_USAGE = YES_ERROR;
				CLANG_WARN_DOCUMENTATION_COMMENTS = YES;
				CLANG_WARN_EMPTY_BODY = YES;
				CLANG_WARN_ENUM_CONVERSION = YES;
				CLANG_WARN_INFINITE_RECURSION = YES;
				CLANG_WARN_INT_CONVERSION = YES;
				CLANG_WARN_NON_LITERAL_NULL_CONVERSION = YES;
				CLANG_WARN_OBJC_IMPLICIT_RETAIN_SELF = YES;
				CLANG_WARN_OBJC_LITERAL_CONVERSION = YES;
				CLANG_WARN_OBJC_ROOT_CLASS = YES_ERROR;
				CLANG_WARN_QUOTED_INCLUDE_IN_FRAMEWORK_HEADER = YES;
				CLANG_WARN_RANGE_LOOP_ANALYSIS = YES;
				CLANG_WARN_STRICT_PROTOTYPES = YES;
				CLANG_WARN_SUSPICIOUS_MOVE = YES;
				CLANG_WARN_UNGUARDED_AVAILABILITY = YES_AGGRESSIVE;
				CLANG_WARN_UNREACHABLE_CODE = YES;
				CLANG_WARN__DUPLICATE_METHOD_MATCH = YES;
				COPY_PHASE_STRIP = NO;
				DEBUG_INFORMATION_FORMAT = dwarf;
				ENABLE_STRICT_OBJC_MSGSEND = YES;
				ENABLE_TESTABILITY = YES;
				GCC_C_LANGUAGE_STANDARD = gnu11;
				GCC_DYNAMIC_NO_PIC = NO;
				GCC_NO_COMMON_BLOCKS = YES;
				GCC_OPTIMIZATION_LEVEL = 0;
				GCC_PREPROCESSOR_DEFINITIONS = (
					"DEBUG=1",
					"$(inherited)",
				);
				GCC_WARN_64_TO_32_BIT_CONVERSION = YES;
				GCC_WARN_ABOUT_RETURN_TYPE = YES_ERROR;
				GCC_WARN_UNDECLARED_SELECTOR = YES;
				GCC_WARN_UNINITIALIZED_AUTOS = YES_AGGRESSIVE;
				GCC_WARN_UNUSED_FUNCTION = YES;
				GCC_WARN_UNUSED_VARIABLE = YES;
				IPHONEOS_DEPLOYMENT_TARGET = 15.2;
				MTL_ENABLE_DEBUG_INFO = INCLUDE_SOURCE;
				MTL_FAST_MATH = YES;
				ONLY_ACTIVE_ARCH = YES;
				SDKROOT = iphoneos;
				SWIFT_ACTIVE_COMPILATION_CONDITIONS = DEBUG;
				SWIFT_OPTIMIZATION_LEVEL = "-Onone";
			};
			name = Debug;
		};
		5FCA9D7B27A8969700EA696C /* Release */ = {
			isa = XCBuildConfiguration;
			buildSettings = {
				ALWAYS_SEARCH_USER_PATHS = NO;
				CLANG_ANALYZER_NONNULL = YES;
				CLANG_ANALYZER_NUMBER_OBJECT_CONVERSION = YES_AGGRESSIVE;
				CLANG_CXX_LANGUAGE_STANDARD = "gnu++17";
				CLANG_CXX_LIBRARY = "libc++";
				CLANG_ENABLE_MODULES = YES;
				CLANG_ENABLE_OBJC_ARC = YES;
				CLANG_ENABLE_OBJC_WEAK = YES;
				CLANG_WARN_BLOCK_CAPTURE_AUTORELEASING = YES;
				CLANG_WARN_BOOL_CONVERSION = YES;
				CLANG_WARN_COMMA = YES;
				CLANG_WARN_CONSTANT_CONVERSION = YES;
				CLANG_WARN_DEPRECATED_OBJC_IMPLEMENTATIONS = YES;
				CLANG_WARN_DIRECT_OBJC_ISA_USAGE = YES_ERROR;
				CLANG_WARN_DOCUMENTATION_COMMENTS = YES;
				CLANG_WARN_EMPTY_BODY = YES;
				CLANG_WARN_ENUM_CONVERSION = YES;
				CLANG_WARN_INFINITE_RECURSION = YES;
				CLANG_WARN_INT_CONVERSION = YES;
				CLANG_WARN_NON_LITERAL_NULL_CONVERSION = YES;
				CLANG_WARN_OBJC_IMPLICIT_RETAIN_SELF = YES;
				CLANG_WARN_OBJC_LITERAL_CONVERSION = YES;
				CLANG_WARN_OBJC_ROOT_CLASS = YES_ERROR;
				CLANG_WARN_QUOTED_INCLUDE_IN_FRAMEWORK_HEADER = YES;
				CLANG_WARN_RANGE_LOOP_ANALYSIS = YES;
				CLANG_WARN_STRICT_PROTOTYPES = YES;
				CLANG_WARN_SUSPICIOUS_MOVE = YES;
				CLANG_WARN_UNGUARDED_AVAILABILITY = YES_AGGRESSIVE;
				CLANG_WARN_UNREACHABLE_CODE = YES;
				CLANG_WARN__DUPLICATE_METHOD_MATCH = YES;
				COPY_PHASE_STRIP = NO;
				DEBUG_INFORMATION_FORMAT = "dwarf-with-dsym";
				ENABLE_NS_ASSERTIONS = NO;
				ENABLE_STRICT_OBJC_MSGSEND = YES;
				GCC_C_LANGUAGE_STANDARD = gnu11;
				GCC_NO_COMMON_BLOCKS = YES;
				GCC_WARN_64_TO_32_BIT_CONVERSION = YES;
				GCC_WARN_ABOUT_RETURN_TYPE = YES_ERROR;
				GCC_WARN_UNDECLARED_SELECTOR = YES;
				GCC_WARN_UNINITIALIZED_AUTOS = YES_AGGRESSIVE;
				GCC_WARN_UNUSED_FUNCTION = YES;
				GCC_WARN_UNUSED_VARIABLE = YES;
				IPHONEOS_DEPLOYMENT_TARGET = 15.2;
				MTL_ENABLE_DEBUG_INFO = NO;
				MTL_FAST_MATH = YES;
				SDKROOT = iphoneos;
				SWIFT_COMPILATION_MODE = wholemodule;
				SWIFT_OPTIMIZATION_LEVEL = "-O";
				VALIDATE_PRODUCT = YES;
			};
			name = Release;
		};
		5FCA9D7D27A8969700EA696C /* Debug */ = {
			isa = XCBuildConfiguration;
			baseConfigurationReference = 8DA1B33D0CF367BA80731C75 /* Pods-Flix.debug.xcconfig */;
			buildSettings = {
				ASSETCATALOG_COMPILER_APPICON_NAME = AppIcon;
				ASSETCATALOG_COMPILER_GLOBAL_ACCENT_COLOR_NAME = AccentColor;
				CODE_SIGN_STYLE = Automatic;
				CURRENT_PROJECT_VERSION = 1;
				DEVELOPMENT_TEAM = 222GF8XD6V;
				GENERATE_INFOPLIST_FILE = YES;
				INFOPLIST_FILE = Flix/Info.plist;
				INFOPLIST_KEY_UIApplicationSupportsIndirectInputEvents = YES;
				INFOPLIST_KEY_UILaunchStoryboardName = LaunchScreen;
				INFOPLIST_KEY_UIMainStoryboardFile = Main;
				INFOPLIST_KEY_UISupportedInterfaceOrientations_iPad = "UIInterfaceOrientationPortrait UIInterfaceOrientationPortraitUpsideDown UIInterfaceOrientationLandscapeLeft UIInterfaceOrientationLandscapeRight";
				INFOPLIST_KEY_UISupportedInterfaceOrientations_iPhone = "UIInterfaceOrientationPortrait UIInterfaceOrientationLandscapeLeft UIInterfaceOrientationLandscapeRight";
				LD_RUNPATH_SEARCH_PATHS = (
					"$(inherited)",
					"@executable_path/Frameworks",
				);
				MARKETING_VERSION = 1.0;
				PRODUCT_BUNDLE_IDENTIFIER = com.hernhrndz.Flix;
				PRODUCT_NAME = "$(TARGET_NAME)";
				SWIFT_EMIT_LOC_STRINGS = YES;
				SWIFT_VERSION = 5.0;
				TARGETED_DEVICE_FAMILY = "1,2";
			};
			name = Debug;
		};
		5FCA9D7E27A8969700EA696C /* Release */ = {
			isa = XCBuildConfiguration;
			baseConfigurationReference = 44C8E88DB339D5468CD2400F /* Pods-Flix.release.xcconfig */;
			buildSettings = {
				ASSETCATALOG_COMPILER_APPICON_NAME = AppIcon;
				ASSETCATALOG_COMPILER_GLOBAL_ACCENT_COLOR_NAME = AccentColor;
				CODE_SIGN_STYLE = Automatic;
				CURRENT_PROJECT_VERSION = 1;
				DEVELOPMENT_TEAM = 222GF8XD6V;
				GENERATE_INFOPLIST_FILE = YES;
				INFOPLIST_FILE = Flix/Info.plist;
				INFOPLIST_KEY_UIApplicationSupportsIndirectInputEvents = YES;
				INFOPLIST_KEY_UILaunchStoryboardName = LaunchScreen;
				INFOPLIST_KEY_UIMainStoryboardFile = Main;
				INFOPLIST_KEY_UISupportedInterfaceOrientations_iPad = "UIInterfaceOrientationPortrait UIInterfaceOrientationPortraitUpsideDown UIInterfaceOrientationLandscapeLeft UIInterfaceOrientationLandscapeRight";
				INFOPLIST_KEY_UISupportedInterfaceOrientations_iPhone = "UIInterfaceOrientationPortrait UIInterfaceOrientationLandscapeLeft UIInterfaceOrientationLandscapeRight";
				LD_RUNPATH_SEARCH_PATHS = (
					"$(inherited)",
					"@executable_path/Frameworks",
				);
				MARKETING_VERSION = 1.0;
				PRODUCT_BUNDLE_IDENTIFIER = com.hernhrndz.Flix;
				PRODUCT_NAME = "$(TARGET_NAME)";
				SWIFT_EMIT_LOC_STRINGS = YES;
				SWIFT_VERSION = 5.0;
				TARGETED_DEVICE_FAMILY = "1,2";
			};
			name = Release;
		};
		5FCA9D8027A8969700EA696C /* Debug */ = {
			isa = XCBuildConfiguration;
			baseConfigurationReference = 7E6414E08AE7F00E0CFC1FC2 /* Pods-FlixTests.debug.xcconfig */;
			buildSettings = {
				ALWAYS_EMBED_SWIFT_STANDARD_LIBRARIES = YES;
				BUNDLE_LOADER = "$(TEST_HOST)";
				CODE_SIGN_STYLE = Automatic;
				CURRENT_PROJECT_VERSION = 1;
				DEVELOPMENT_TEAM = 222GF8XD6V;
				GENERATE_INFOPLIST_FILE = YES;
				IPHONEOS_DEPLOYMENT_TARGET = 15.2;
				MARKETING_VERSION = 1.0;
				PRODUCT_BUNDLE_IDENTIFIER = com.hhrndz.FlixTests;
				PRODUCT_NAME = "$(TARGET_NAME)";
				SWIFT_EMIT_LOC_STRINGS = NO;
				SWIFT_VERSION = 5.0;
				TARGETED_DEVICE_FAMILY = "1,2";
				TEST_HOST = "$(BUILT_PRODUCTS_DIR)/Flix.app/Flix";
			};
			name = Debug;
		};
		5FCA9D8127A8969700EA696C /* Release */ = {
			isa = XCBuildConfiguration;
			baseConfigurationReference = A32B4F263D4A8C2D2229CADD /* Pods-FlixTests.release.xcconfig */;
			buildSettings = {
				ALWAYS_EMBED_SWIFT_STANDARD_LIBRARIES = YES;
				BUNDLE_LOADER = "$(TEST_HOST)";
				CODE_SIGN_STYLE = Automatic;
				CURRENT_PROJECT_VERSION = 1;
				DEVELOPMENT_TEAM = 222GF8XD6V;
				GENERATE_INFOPLIST_FILE = YES;
				IPHONEOS_DEPLOYMENT_TARGET = 15.2;
				MARKETING_VERSION = 1.0;
				PRODUCT_BUNDLE_IDENTIFIER = com.hhrndz.FlixTests;
				PRODUCT_NAME = "$(TARGET_NAME)";
				SWIFT_EMIT_LOC_STRINGS = NO;
				SWIFT_VERSION = 5.0;
				TARGETED_DEVICE_FAMILY = "1,2";
				TEST_HOST = "$(BUILT_PRODUCTS_DIR)/Flix.app/Flix";
			};
			name = Release;
		};
		5FCA9D8327A8969700EA696C /* Debug */ = {
			isa = XCBuildConfiguration;
			baseConfigurationReference = 4681C9E0C67BDCCAD5A6983F /* Pods-Flix-FlixUITests.debug.xcconfig */;
			buildSettings = {
				ALWAYS_EMBED_SWIFT_STANDARD_LIBRARIES = YES;
				CODE_SIGN_STYLE = Automatic;
				CURRENT_PROJECT_VERSION = 1;
				DEVELOPMENT_TEAM = 222GF8XD6V;
				GENERATE_INFOPLIST_FILE = YES;
				MARKETING_VERSION = 1.0;
				PRODUCT_BUNDLE_IDENTIFIER = com.hhrndz.FlixUITests;
				PRODUCT_NAME = "$(TARGET_NAME)";
				SWIFT_EMIT_LOC_STRINGS = NO;
				SWIFT_VERSION = 5.0;
				TARGETED_DEVICE_FAMILY = "1,2";
				TEST_TARGET_NAME = Flix;
			};
			name = Debug;
		};
		5FCA9D8427A8969700EA696C /* Release */ = {
			isa = XCBuildConfiguration;
			baseConfigurationReference = 7B18426863B2F41DE6712F41 /* Pods-Flix-FlixUITests.release.xcconfig */;
			buildSettings = {
				ALWAYS_EMBED_SWIFT_STANDARD_LIBRARIES = YES;
				CODE_SIGN_STYLE = Automatic;
				CURRENT_PROJECT_VERSION = 1;
				DEVELOPMENT_TEAM = 222GF8XD6V;
				GENERATE_INFOPLIST_FILE = YES;
				MARKETING_VERSION = 1.0;
				PRODUCT_BUNDLE_IDENTIFIER = com.hhrndz.FlixUITests;
				PRODUCT_NAME = "$(TARGET_NAME)";
				SWIFT_EMIT_LOC_STRINGS = NO;
				SWIFT_VERSION = 5.0;
				TARGETED_DEVICE_FAMILY = "1,2";
				TEST_TARGET_NAME = Flix;
			};
			name = Release;
		};
/* End XCBuildConfiguration section */

/* Begin XCConfigurationList section */
		5FCA9D4D27A8969300EA696C /* Build configuration list for PBXProject "Flix" */ = {
			isa = XCConfigurationList;
			buildConfigurations = (
				5FCA9D7A27A8969700EA696C /* Debug */,
				5FCA9D7B27A8969700EA696C /* Release */,
			);
			defaultConfigurationIsVisible = 0;
			defaultConfigurationName = Release;
		};
		5FCA9D7C27A8969700EA696C /* Build configuration list for PBXNativeTarget "Flix" */ = {
			isa = XCConfigurationList;
			buildConfigurations = (
				5FCA9D7D27A8969700EA696C /* Debug */,
				5FCA9D7E27A8969700EA696C /* Release */,
			);
			defaultConfigurationIsVisible = 0;
			defaultConfigurationName = Release;
		};
		5FCA9D7F27A8969700EA696C /* Build configuration list for PBXNativeTarget "FlixTests" */ = {
			isa = XCConfigurationList;
			buildConfigurations = (
				5FCA9D8027A8969700EA696C /* Debug */,
				5FCA9D8127A8969700EA696C /* Release */,
			);
			defaultConfigurationIsVisible = 0;
			defaultConfigurationName = Release;
		};
		5FCA9D8227A8969700EA696C /* Build configuration list for PBXNativeTarget "FlixUITests" */ = {
			isa = XCConfigurationList;
			buildConfigurations = (
				5FCA9D8327A8969700EA696C /* Debug */,
				5FCA9D8427A8969700EA696C /* Release */,
			);
			defaultConfigurationIsVisible = 0;
			defaultConfigurationName = Release;
		};
/* End XCConfigurationList section */

/* Begin XCRemoteSwiftPackageReference section */
		5F6C00F827AB40220090C923 /* XCRemoteSwiftPackageReference "AlamofireImage" */ = {
			isa = XCRemoteSwiftPackageReference;
			repositoryURL = "https://github.com/Alamofire/AlamofireImage";
			requirement = {
				kind = upToNextMajorVersion;
				minimumVersion = 4.0.0;
			};
		};
/* End XCRemoteSwiftPackageReference section */

/* Begin XCSwiftPackageProductDependency section */
		5F6C00F927AB40220090C923 /* AlamofireImage */ = {
			isa = XCSwiftPackageProductDependency;
			package = 5F6C00F827AB40220090C923 /* XCRemoteSwiftPackageReference "AlamofireImage" */;
			productName = AlamofireImage;
		};
/* End XCSwiftPackageProductDependency section */
	};
	rootObject = 5FCA9D4A27A8969300EA696C /* Project object */;
}
